
Microsoft Visual Studio Solution File, Format Version 12.00
# Visual Studio Version 17
VisualStudioVersion = 17.5.33516.290
MinimumVisualStudioVersion = 10.0.40219.1
Project("{FAE04EC0-301F-11D3-BF4B-00C04F79EFBC}") = "ExcelIO.NetCore", "ExcelIO.NetCore\ExcelIO.NetCore.csproj", "{49EB493A-C8E6-4BAD-AC57-6B2703D9E3A9}"
EndProject
Project("{FAE04EC0-301F-11D3-BF4B-00C04F79EFBC}") = "ExcelIO.Net", "ExcelIO.Net\ExcelIO.Net.csproj", "{B5D04315-04FE-45E2-9254-DAB72A0EED7A}"
EndProject
Project("{FAE04EC0-301F-11D3-BF4B-00C04F79EFBC}") = "ExcelIO.Framework", "ExcelIO.Framework\ExcelIO.Framework.csproj", "{7FC002C6-9C80-464E-9CB8-7D2AB937083D}"
EndProject
Global
	GlobalSection(SolutionConfigurationPlatforms) = preSolution
		Debug|Any CPU = Debug|Any CPU
		Release|Any CPU = Release|Any CPU
	EndGlobalSection
	GlobalSection(ProjectConfigurationPlatforms) = postSolution
		{49EB493A-C8E6-4BAD-AC57-6B2703D9E3A9}.Debug|Any CPU.ActiveCfg = Debug|Any CPU
		{49EB493A-C8E6-4BAD-AC57-6B2703D9E3A9}.Debug|Any CPU.Build.0 = Debug|Any CPU
		{49EB493A-C8E6-4BAD-AC57-6B2703D9E3A9}.Release|Any CPU.ActiveCfg = Release|Any CPU
		{49EB493A-C8E6-4BAD-AC57-6B2703D9E3A9}.Release|Any CPU.Build.0 = Release|Any CPU
		{B5D04315-04FE-45E2-9254-DAB72A0EED7A}.Debug|Any CPU.ActiveCfg = Debug|Any CPU
		{B5D04315-04FE-45E2-9254-DAB72A0EED7A}.Debug|Any CPU.Build.0 = Debug|Any CPU
		{B5D04315-04FE-45E2-9254-DAB72A0EED7A}.Release|Any CPU.ActiveCfg = Release|Any CPU
		{B5D04315-04FE-45E2-9254-DAB72A0EED7A}.Release|Any CPU.Build.0 = Release|Any CPU
		{7FC002C6-9C80-464E-9CB8-7D2AB937083D}.Debug|Any CPU.ActiveCfg = Debug|Any CPU
		{7FC002C6-9C80-464E-9CB8-7D2AB937083D}.Debug|Any CPU.Build.0 = Debug|Any CPU
		{7FC002C6-9C80-464E-9CB8-7D2AB937083D}.Release|Any CPU.ActiveCfg = Release|Any CPU
		{7FC002C6-9C80-464E-9CB8-7D2AB937083D}.Release|Any CPU.Build.0 = Release|Any CPU
	EndGlobalSection
	GlobalSection(SolutionProperties) = preSolution
		HideSolutionNode = FALSE
	EndGlobalSection
	GlobalSection(ExtensibilityGlobals) = postSolution
		SolutionGuid = {44A673DB-D088-4466-A779-0240072BCB6A}
	EndGlobalSection
EndGlobal
